{
  "requires": true,
  "lockfileVersion": 1,
  "dependencies": {
    "fuzzysearch": {
      "version": "1.0.3",
      "resolved": "http://registry.npm.taobao.org/fuzzysearch/download/fuzzysearch-1.0.3.tgz",
      "integrity": "sha1-3/yA9tawQiPyImqnndGUIxCW0Ag="
    },
    "simple-jekyll-search": {
      "version": "1.6.3",
      "resolved": "http://registry.npm.taobao.org/simple-jekyll-search/download/simple-jekyll-search-1.6.3.tgz",
      "integrity": "sha1-ivMQGMPFG82izMvbgERbDtkiXkk=",
      "requires": {
        "fuzzysearch": "1.0.3"
      }
    }
  }
}
